dependencies:
- name: common
  repository: https://mike-code.github.io/stakewise-helm-charts/
  version: 1.0.0
- name: ipfs
  repository: https://mike-code.github.io/stakewise-helm-charts/
  version: 2.0.2
digest: sha256:c99bf11711652655aa72f6275cf1dd6d5877cfe011b39896c8e359671101892d
generated: "2025-03-17T16:16:33.26024+01:00"
