dependencies:
- name: common
  repository: https://mike-code.github.io/stakewise-helm-charts/
  version: 1.0.0
- name: ipfs
  repository: https://mike-code.github.io/stakewise-helm-charts/
  version: 2.0.3
digest: sha256:9caf64f4ef6f7e3aa371483ba1acb4d0cab1faa5f1f28dc0e57909caa32147d2
generated: "2025-04-03T11:39:16.422745+02:00"
